
Microsoft Visual Studio Solution File, Format Version 12.00
# Visual Studio Version 16
VisualStudioVersion = 17.0.31611.283
MinimumVisualStudioVersion = 10.0.40219.1
Project("{9A19103F-16F7-4668-BE54-9A1E7A4F7556}") = "PART_02", "CV01_PART2\PART_02.csproj", "{662722D4-8EFD-4759-8668-1F33996221F7}"
EndProject
Project("{FAE04EC0-301F-11D3-BF4B-00C04F79EFBC}") = "PART_03", "PART_03\PART_03.csproj", "{A606D5BF-B9A7-4D31-A801-1F0F60283BB0}"
EndProject
Global
	GlobalSection(SolutionConfigurationPlatforms) = preSolution
		Debug|Any CPU = Debug|Any CPU
		Release|Any CPU = Release|Any CPU
	EndGlobalSection
	GlobalSection(ProjectConfigurationPlatforms) = postSolution
		{662722D4-8EFD-4759-8668-1F33996221F7}.Debug|Any CPU.ActiveCfg = Debug|Any CPU
		{662722D4-8EFD-4759-8668-1F33996221F7}.Debug|Any CPU.Build.0 = Debug|Any CPU
		{662722D4-8EFD-4759-8668-1F33996221F7}.Debug|Any CPU.Deploy.0 = Debug|Any CPU
		{662722D4-8EFD-4759-8668-1F33996221F7}.Release|Any CPU.ActiveCfg = Release|Any CPU
		{662722D4-8EFD-4759-8668-1F33996221F7}.Release|Any CPU.Build.0 = Release|Any CPU
		{662722D4-8EFD-4759-8668-1F33996221F7}.Release|Any CPU.Deploy.0 = Release|Any CPU
		{A606D5BF-B9A7-4D31-A801-1F0F60283BB0}.Debug|Any CPU.ActiveCfg = Debug|Any CPU
		{A606D5BF-B9A7-4D31-A801-1F0F60283BB0}.Debug|Any CPU.Build.0 = Debug|Any CPU
		{A606D5BF-B9A7-4D31-A801-1F0F60283BB0}.Release|Any CPU.ActiveCfg = Release|Any CPU
		{A606D5BF-B9A7-4D31-A801-1F0F60283BB0}.Release|Any CPU.Build.0 = Release|Any CPU
	EndGlobalSection
	GlobalSection(SolutionProperties) = preSolution
		HideSolutionNode = FALSE
	EndGlobalSection
	GlobalSection(ExtensibilityGlobals) = postSolution
		SolutionGuid = {61F7FB11-1E47-470C-91E2-47F8143E1572}
	EndGlobalSection
EndGlobal
