
Microsoft Visual Studio Solution File, Format Version 12.00
# Visual Studio Version 17
VisualStudioVersion = 17.3.32901.215
MinimumVisualStudioVersion = 10.0.40219.1
Project("{FAE04EC0-301F-11D3-BF4B-00C04F79EFBC}") = "CV4", "CV4\CV4.csproj", "{A5BB5C59-CE04-4B72-83B0-A7493E022B1C}"
EndProject
Global
	GlobalSection(SolutionConfigurationPlatforms) = preSolution
		Debug|Any CPU = Debug|Any CPU
		Release|Any CPU = Release|Any CPU
	EndGlobalSection
	GlobalSection(ProjectConfigurationPlatforms) = postSolution
		{A5BB5C59-CE04-4B72-83B0-A7493E022B1C}.Debug|Any CPU.ActiveCfg = Debug|Any CPU
		{A5BB5C59-CE04-4B72-83B0-A7493E022B1C}.Debug|Any CPU.Build.0 = Debug|Any CPU
		{A5BB5C59-CE04-4B72-83B0-A7493E022B1C}.Release|Any CPU.ActiveCfg = Release|Any CPU
		{A5BB5C59-CE04-4B72-83B0-A7493E022B1C}.Release|Any CPU.Build.0 = Release|Any CPU
	EndGlobalSection
	GlobalSection(SolutionProperties) = preSolution
		HideSolutionNode = FALSE
	EndGlobalSection
	GlobalSection(ExtensibilityGlobals) = postSolution
		SolutionGuid = {5BF552DC-5221-436D-9D28-F442F5ABE8A4}
	EndGlobalSection
EndGlobal
